
Microsoft Visual Studio Solution File, Format Version 12.00
# Visual Studio Version 17
VisualStudioVersion = 17.11.35219.272
MinimumVisualStudioVersion = 10.0.40219.1
Project("{FAE04EC0-301F-11D3-BF4B-00C04F79EFBC}") = "OrderManagement.Api", "OrderManagement.Api\OrderManagement.Api.csproj", "{13D3E284-3B92-470E-BC2D-828C64E3F773}"
EndProject
Project("{9A19103F-16F7-4668-BE54-9A1E7A4F7556}") = "OrderManagement.Domain", "OrderManagement.Domain\OrderManagement.Domain.csproj", "{CA229A15-4519-45EA-98B2-A6E2382D9B61}"
EndProject
Project("{9A19103F-16F7-4668-BE54-9A1E7A4F7556}") = "OrderManagement.Logic", "OrderManagement.Logic\OrderManagement.Logic.csproj", "{EB0D739A-3A4C-412D-928C-F31B345DBE85}"
EndProject
Global
	GlobalSection(SolutionConfigurationPlatforms) = preSolution
		Debug|Any CPU = Debug|Any CPU
		Release|Any CPU = Release|Any CPU
	EndGlobalSection
	GlobalSection(ProjectConfigurationPlatforms) = postSolution
		{13D3E284-3B92-470E-BC2D-828C64E3F773}.Debug|Any CPU.ActiveCfg = Debug|Any CPU
		{13D3E284-3B92-470E-BC2D-828C64E3F773}.Debug|Any CPU.Build.0 = Debug|Any CPU
		{13D3E284-3B92-470E-BC2D-828C64E3F773}.Release|Any CPU.ActiveCfg = Release|Any CPU
		{13D3E284-3B92-470E-BC2D-828C64E3F773}.Release|Any CPU.Build.0 = Release|Any CPU
		{CA229A15-4519-45EA-98B2-A6E2382D9B61}.Debug|Any CPU.ActiveCfg = Debug|Any CPU
		{CA229A15-4519-45EA-98B2-A6E2382D9B61}.Debug|Any CPU.Build.0 = Debug|Any CPU
		{CA229A15-4519-45EA-98B2-A6E2382D9B61}.Release|Any CPU.ActiveCfg = Release|Any CPU
		{CA229A15-4519-45EA-98B2-A6E2382D9B61}.Release|Any CPU.Build.0 = Release|Any CPU
		{EB0D739A-3A4C-412D-928C-F31B345DBE85}.Debug|Any CPU.ActiveCfg = Debug|Any CPU
		{EB0D739A-3A4C-412D-928C-F31B345DBE85}.Debug|Any CPU.Build.0 = Debug|Any CPU
		{EB0D739A-3A4C-412D-928C-F31B345DBE85}.Release|Any CPU.ActiveCfg = Release|Any CPU
		{EB0D739A-3A4C-412D-928C-F31B345DBE85}.Release|Any CPU.Build.0 = Release|Any CPU
	EndGlobalSection
	GlobalSection(SolutionProperties) = preSolution
		HideSolutionNode = FALSE
	EndGlobalSection
	GlobalSection(ExtensibilityGlobals) = postSolution
		SolutionGuid = {6100DDE0-AFA4-4840-B341-19C9C5CDBEAF}
	EndGlobalSection
EndGlobal
